{
  "name": "JokomintoGameTest",
  "lockfileVersion": 3,
  "requires": true,
  "packages": {
    "": {
      "dependencies": {
        "xstate": "^5.20.0"
      }
    },
    "node_modules/xstate": {
      "version": "5.20.0",
      "resolved": "https://registry.npmjs.org/xstate/-/xstate-5.20.0.tgz",
      "integrity": "sha512-lFQ0fLwVa0OMZnjNP8zUkt2fwIS85ZBNPvxE41APVYhYj0++aTssgmsnTAiBHdKYbgnd6+L8DRTZ9jPZAFPuyw==",
      "funding": {
        "type": "opencollective",
        "url": "https://opencollective.com/xstate"
      }
    }
  }
}
